{
  "name": "ockam_starter_project",
  "version": "1.0.0",
  "lockfileVersion": 3,
  "requires": true,
  "packages": {
    "": {
      "name": "ockam_starter_project",
      "version": "1.0.0",
      "bundleDependencies": [
        "@bare-ts/lib",
        "ts-results"
      ],
      "license": "Apache-2.0",
      "dependencies": {
        "@bare-ts/lib": "^0.3.0",
        "@ockam/ockam": "file:../ockam/implementations/typescript/ockam/ockam",
        "@sidewinder/channel": "^0.12.4",
        "ts-results": "^3.3.0"
      },
      "devDependencies": {
        "@bare-ts/tools": "^0.11.0",
        "@types/node": "^18.11.18",
        "rome": "^11.0.0",
        "typescript": "^4.9.4"
      }
    },
    "node_modules/@bare-ts/lib": {
      "version": "0.3.0",
      "resolved": "https://registry.npmjs.org/@bare-ts/lib/-/lib-0.3.0.tgz",
      "integrity": "sha512-0JlIu0R26CTMdEnmmKIuFvAS9Cd554MvH4BjI6iL+74TDYBCHhaCWIDJXU6+VuYPu0+/JDLV/KXQstK9Sxn+9A==",
      "inBundle": true,
      "engines": {
        "node": ">= 12"
      }
    },
    "node_modules/@bare-ts/tools": {
      "version": "0.11.0",
      "resolved": "https://registry.npmjs.org/@bare-ts/tools/-/tools-0.11.0.tgz",
      "integrity": "sha512-MXDhKZTTEnWCkBNX2shYzWm25RegsvNxIhodJPyyE62OBWOKfOZabVcgYoTHWrxzYw3BGW8YJ30gfuvqJKyICQ==",
      "dev": true,
      "dependencies": {
        "commander": "^9.2.0"
      },
      "bin": {
        "bare": "dist/cli.js"
      },
      "engines": {
        "node": "^14.18.0 || >=16.0.0"
      },
      "peerDependencies": {
        "@bare-ts/lib": "~0.3.0"
      }
    },
    "node_modules/@ockam/ockam": {
      "version": "0.0.0",
      "resolved": "file:../ockam/implementations/typescript/ockam/ockam"
    },
    "node_modules/@rometools/cli-darwin-arm64": {
      "version": "11.0.0",
      "resolved": "https://registry.npmjs.org/@rometools/cli-darwin-arm64/-/cli-darwin-arm64-11.0.0.tgz",
      "integrity": "sha512-F3vkdY+s3FLIEnAjSbyHTuIPB88cLpccimW4ecid5I7S6GzGG3iUJI4xT00JhH73K4P/qW20/9r+kH1T9Du8Xg==",
      "cpu": [
        "arm64"
      ],
      "dev": true,
      "optional": true,
      "os": [
        "darwin"
      ]
    },
    "node_modules/@rometools/cli-darwin-x64": {
      "version": "11.0.0",
      "resolved": "https://registry.npmjs.org/@rometools/cli-darwin-x64/-/cli-darwin-x64-11.0.0.tgz",
      "integrity": "sha512-X6jhtS6Iml4GOzgNtnLwIp/KXXhSdqeVyfv69m/AHnIzx3gQAjPZ7BPnJLvTCbhe4SKHL+uTZYFSCJpkUUKE6w==",
      "cpu": [
        "x64"
      ],
      "dev": true,
      "optional": true,
      "os": [
        "darwin"
      ]
    },
    "node_modules/@rometools/cli-linux-arm64": {
      "version": "11.0.0",
      "resolved": "https://registry.npmjs.org/@rometools/cli-linux-arm64/-/cli-linux-arm64-11.0.0.tgz",
      "integrity": "sha512-dktTJJlTpmycBZ2TwhJBcAO8ztK8DdevdyZnFFxdYRvtmJgTjIsC2UFayf/SbKew8B8q1IhI0it+D6ihAeIpeg==",
      "cpu": [
        "arm64"
      ],
      "dev": true,
      "optional": true,
      "os": [
        "linux"
      ]
    },
    "node_modules/@rometools/cli-linux-x64": {
      "version": "11.0.0",
      "resolved": "https://registry.npmjs.org/@rometools/cli-linux-x64/-/cli-linux-x64-11.0.0.tgz",
      "integrity": "sha512-WVcnXPNdWGUWo0p4NU8YzuthjYR7q+b4vRcjdxtP1DlpphZmSsoC/RSE85nEqRAz8hChcKUansVzOPM8BSsuGA==",
      "cpu": [
        "x64"
      ],
      "dev": true,
      "optional": true,
      "os": [
        "linux"
      ]
    },
    "node_modules/@rometools/cli-win32-arm64": {
      "version": "11.0.0",
      "resolved": "https://registry.npmjs.org/@rometools/cli-win32-arm64/-/cli-win32-arm64-11.0.0.tgz",
      "integrity": "sha512-tPj6RThQzS7Q45jqQll7NlTYvNcsg/BEP3LYiiazqSh9FAFnMkrV6ewUcMPKWyAfiyLs7jlz4rRvdNRUSygzfQ==",
      "cpu": [
        "arm64"
      ],
      "dev": true,
      "optional": true,
      "os": [
        "win32"
      ]
    },
    "node_modules/@rometools/cli-win32-x64": {
      "version": "11.0.0",
      "resolved": "https://registry.npmjs.org/@rometools/cli-win32-x64/-/cli-win32-x64-11.0.0.tgz",
      "integrity": "sha512-bmBai8WHxYjsGk1+je7ZTfCUCWq30WJI3pQM8pzTA674lfGTZ9ymJoZwTaIMSO4rL5V9mlO6uLunsBKso9VqOg==",
      "cpu": [
        "x64"
      ],
      "dev": true,
      "optional": true,
      "os": [
        "win32"
      ]
    },
    "node_modules/@sidewinder/async": {
      "version": "0.12.4",
      "resolved": "https://registry.npmjs.org/@sidewinder/async/-/async-0.12.4.tgz",
      "integrity": "sha512-RYWt3lOHJI1VDQTVae7hhSLmDXGi+8BWxdqkv81Qb20DkIVFl2fCB3vfUzVsamPva1LS8QguyziIoGbugsrwgA=="
    },
    "node_modules/@sidewinder/channel": {
      "version": "0.12.4",
      "resolved": "https://registry.npmjs.org/@sidewinder/channel/-/channel-0.12.4.tgz",
      "integrity": "sha512-fnGF0pS7aB2Cxk9UKEBB5/a3UnxiIFwJiZZd5pI5jNQZegBa52RIJ6GJWxSTH5lQQC9Pgcefvm9yr3YvpKLRrQ==",
      "dependencies": {
        "@sidewinder/async": "0.12.4"
      }
    },
    "node_modules/@types/node": {
      "version": "18.11.18",
      "resolved": "https://registry.npmjs.org/@types/node/-/node-18.11.18.tgz",
      "integrity": "sha512-DHQpWGjyQKSHj3ebjFI/wRKcqQcdR+MoFBygntYOZytCqNfkd2ZC4ARDJ2DQqhjH5p85Nnd3jhUJIXrszFX/JA==",
      "dev": true
    },
    "node_modules/commander": {
      "version": "9.5.0",
      "resolved": "https://registry.npmjs.org/commander/-/commander-9.5.0.tgz",
      "integrity": "sha512-KRs7WVDKg86PWiuAqhDrAQnTXZKraVcCc6vFdL14qrZ/DcWwuRo7VoiYXalXO7S5GKpqYiVEwCbgFDfxNHKJBQ==",
      "dev": true,
      "engines": {
        "node": "^12.20.0 || >=14"
      }
    },
    "node_modules/rome": {
      "version": "11.0.0",
      "resolved": "https://registry.npmjs.org/rome/-/rome-11.0.0.tgz",
      "integrity": "sha512-rRo6JOwpMLc3OkeTDRXkrmrDqnxDvZ75GS4f0jLDBNmRgDXWbu0F8eVnJoRn+VbK2AE7vWvhVOMBjnWowcopkQ==",
      "dev": true,
      "hasInstallScript": true,
      "bin": {
        "rome": "bin/rome"
      },
      "engines": {
        "node": ">=14.*"
      },
      "optionalDependencies": {
        "@rometools/cli-darwin-arm64": "11.0.0",
        "@rometools/cli-darwin-x64": "11.0.0",
        "@rometools/cli-linux-arm64": "11.0.0",
        "@rometools/cli-linux-x64": "11.0.0",
        "@rometools/cli-win32-arm64": "11.0.0",
        "@rometools/cli-win32-x64": "11.0.0"
      }
    },
    "node_modules/ts-results": {
      "version": "3.3.0",
      "resolved": "https://registry.npmjs.org/ts-results/-/ts-results-3.3.0.tgz",
      "integrity": "sha512-FWqxGX2NHp5oCyaMd96o2y2uMQmSu8Dey6kvyuFdRJ2AzfmWo3kWa4UsPlCGlfQ/qu03m09ZZtppMoY8EMHuiA==",
      "inBundle": true
    },
    "node_modules/typescript": {
      "version": "4.9.4",
      "resolved": "https://registry.npmjs.org/typescript/-/typescript-4.9.4.tgz",
      "integrity": "sha512-Uz+dTXYzxXXbsFpM86Wh3dKCxrQqUcVMxwU54orwlJjOpO3ao8L7j5lH+dWfTwgCwIuM9GQ2kvVotzYJMXTBZg==",
      "dev": true,
      "bin": {
        "tsc": "bin/tsc",
        "tsserver": "bin/tsserver"
      },
      "engines": {
        "node": ">=4.2.0"
      }
    }
  }
}
